lockfileVersion: 5.4

specifiers:
  '@jmlopez-rod/m': 0.18.0

devDependencies:
  '@jmlopez-rod/m': 0.18.0

packages:

  /@jmlopez-rod/m/0.18.0:
    resolution: {integrity: sha512-ta6aLHn8V51EOD/UiCU5BQVrPDPafmgNk2IcJ6h0nQbMeVB087H/23r8WZ3ZrEdIb4L+mLEeQUqWpadXder89Q==, tarball: download/@jmlopez-rod/m/0.18.0/245cef760e4adaf39a7969e79a93d94fae2eecf1}
    hasBin: true
    dev: true
