lockfileVersion: 5.3

specifiers:
  '@jmlopez-rod/m': 0.0.0-pr13.b1192671023

devDependencies:
  '@jmlopez-rod/m': 0.0.0-pr13.b1192671023

packages:

  /@jmlopez-rod/m/0.0.0-pr13.b1192671023:
    resolution: {integrity: sha512-2+8yVedNPLlQy0Z+TElb8OSUC2RRz4Z7LpSyKs56sypsMyFzJeCzJ3Z/CvsEpswbF8cfLxK4g8Kel/A/LtqtjQ==, tarball: download/@jmlopez-rod/m/0.0.0-pr13.b1192671023/8febd99d25daadc3a66910660effb366c404bf3cfa1c65580d077ea58f202826}
    dev: true
