lockfileVersion: 5.3

specifiers:
  '@jmlopez-rod/m': 0.3.1

devDependencies:
  '@jmlopez-rod/m': 0.3.1

packages:

  /@jmlopez-rod/m/0.3.1:
    resolution: {integrity: sha512-TM7rDlvYJl6mXrbViXgf3yrkNHfFR5frJIDrxf55DBbMVm+eAl4ykIh5usNNE5By3Xarq09jq/TGNr6/3O5tLA==, tarball: download/@jmlopez-rod/m/0.3.1/3047cbd71d283573e7faff38d584271c505c3f0f82d9740c7ed38462593f071e}
    dev: true
